
Microsoft Visual Studio Solution File, Format Version 12.00
# Visual Studio Version 17
VisualStudioVersion = 17.0.32014.148
MinimumVisualStudioVersion = 10.0.40219.1
Project("{FAE04EC0-301F-11D3-BF4B-00C04F79EFBC}") = "TesteLogicaProgramacaoF360", "TesteLogicaProgramacaoF360\TesteLogicaProgramacaoF360.csproj", "{A84FD646-CF9D-4232-9B06-C8A975434A54}"
EndProject
Global
	GlobalSection(SolutionConfigurationPlatforms) = preSolution
		Debug|Any CPU = Debug|Any CPU
		Release|Any CPU = Release|Any CPU
	EndGlobalSection
	GlobalSection(ProjectConfigurationPlatforms) = postSolution
		{A84FD646-CF9D-4232-9B06-C8A975434A54}.Debug|Any CPU.ActiveCfg = Debug|Any CPU
		{A84FD646-CF9D-4232-9B06-C8A975434A54}.Debug|Any CPU.Build.0 = Debug|Any CPU
		{A84FD646-CF9D-4232-9B06-C8A975434A54}.Release|Any CPU.ActiveCfg = Release|Any CPU
		{A84FD646-CF9D-4232-9B06-C8A975434A54}.Release|Any CPU.Build.0 = Release|Any CPU
	EndGlobalSection
	GlobalSection(SolutionProperties) = preSolution
		HideSolutionNode = FALSE
	EndGlobalSection
	GlobalSection(ExtensibilityGlobals) = postSolution
		SolutionGuid = {B447D4AC-EC40-40B7-A57C-BDFABA159CFC}
	EndGlobalSection
EndGlobal
